
Microsoft Visual Studio Solution File, Format Version 12.00
# Visual Studio 14
VisualStudioVersion = 14.0.25420.1
MinimumVisualStudioVersion = 10.0.40219.1
Project("{FAE04EC0-301F-11D3-BF4B-00C04F79EFBC}") = "DPTO.StringCalculator", "DPTO.StringCalculator\DPTO.StringCalculator.csproj", "{D52BE6EF-ED8A-4501-928A-CCF024E976A8}"
EndProject
Project("{FAE04EC0-301F-11D3-BF4B-00C04F79EFBC}") = "DPTO.StringCalculator.Tests", "DPTO.StringCalculator.Tests\DPTO.StringCalculator.Tests.csproj", "{60063FB2-5BA2-4AEF-8A5B-361A6ED74418}"
EndProject
Global
	GlobalSection(SolutionConfigurationPlatforms) = preSolution
		Debug|Any CPU = Debug|Any CPU
		Release|Any CPU = Release|Any CPU
	EndGlobalSection
	GlobalSection(ProjectConfigurationPlatforms) = postSolution
		{D52BE6EF-ED8A-4501-928A-CCF024E976A8}.Debug|Any CPU.ActiveCfg = Debug|Any CPU
		{D52BE6EF-ED8A-4501-928A-CCF024E976A8}.Debug|Any CPU.Build.0 = Debug|Any CPU
		{D52BE6EF-ED8A-4501-928A-CCF024E976A8}.Release|Any CPU.ActiveCfg = Release|Any CPU
		{D52BE6EF-ED8A-4501-928A-CCF024E976A8}.Release|Any CPU.Build.0 = Release|Any CPU
		{60063FB2-5BA2-4AEF-8A5B-361A6ED74418}.Debug|Any CPU.ActiveCfg = Debug|Any CPU
		{60063FB2-5BA2-4AEF-8A5B-361A6ED74418}.Debug|Any CPU.Build.0 = Debug|Any CPU
		{60063FB2-5BA2-4AEF-8A5B-361A6ED74418}.Release|Any CPU.ActiveCfg = Release|Any CPU
		{60063FB2-5BA2-4AEF-8A5B-361A6ED74418}.Release|Any CPU.Build.0 = Release|Any CPU
	EndGlobalSection
	GlobalSection(SolutionProperties) = preSolution
		HideSolutionNode = FALSE
	EndGlobalSection
EndGlobal
